lockfileVersion: '6.0'

settings:
  autoInstallPeers: true
  excludeLinksFromLockfile: false

dependencies:
  '@swc/core':
    specifier: '>=1.3.106'
    version: 1.3.106

packages:

  /@swc/core-darwin-arm64@1.3.106:
    resolution: {integrity: sha512-XYcbViNyHnnm7RWOAO1YipMmthM7m2aXF32b0y+JMLYFBEyFpjVX9btLkzeL7wRx/5B3I35yJNhE+xyx0Q1Gkw==}
    engines: {node: '>=10'}
    cpu: [arm64]
    os: [darwin]
    requiresBuild: true
    dev: false
    optional: true

  /@swc/core-darwin-x64@1.3.106:
    resolution: {integrity: sha512-YKDPhUdfuwhmOUS9+CaIwl/0Tp+f1b73BH2EIESuxSNsogZf18a8HQ8O0fQEwdiwmA5LEqw47cj+kfOWV/0+kw==}
    engines: {node: '>=10'}
    cpu: [x64]
    os: [darwin]
    requiresBuild: true
    dev: false
    optional: true

  /@swc/core-linux-arm-gnueabihf@1.3.106:
    resolution: {integrity: sha512-bHxxJXogvFfocLL5inZxxtx/x/WgKozigp80Vbx0viac1fPDJrqKBw2X4MzpMiuTRAGVQ03jJI6pDwbSBf+yDw==}
    engines: {node: '>=10'}
    cpu: [arm]
    os: [linux]
    requiresBuild: true
    dev: false
    optional: true

  /@swc/core-linux-arm64-gnu@1.3.106:
    resolution: {integrity: sha512-c7jue++CHLgtpeaakEukoCLT9eNrImizbleE9Y7Is8CHqLq/7DG4s+7ma9DFKXIzW2MpTg9byIEQfpqSphVW6A==}
    engines: {node: '>=10'}
    cpu: [arm64]
    os: [linux]
    requiresBuild: true
    dev: false
    optional: true

  /@swc/core-linux-arm64-musl@1.3.106:
    resolution: {integrity: sha512-51EaC3Q8qAhLtWVnAVqoYX/gk3tK31cCBzUpwCcmhianhEBM2/WtKRAS4MqPhE8VVZuN3WjO2c2JaF2mX0yuoA==}
    engines: {node: '>=10'}
    cpu: [arm64]
    os: [linux]
    requiresBuild: true
    dev: false
    optional: true

  /@swc/core-linux-x64-gnu@1.3.106:
    resolution: {integrity: sha512-tOUi8BB6jAeCXgx7ESLNnX7nrbMVKQ/XajK77v7Ad4SXf9HYArnimBJpXUUyVFJTXLSv4e6c7s6XHHqXb5Lwcg==}
    engines: {node: '>=10'}
    cpu: [x64]
    os: [linux]
    requiresBuild: true
    dev: false
    optional: true

  /@swc/core-linux-x64-musl@1.3.106:
    resolution: {integrity: sha512-binLw4Lbd83NPy4/m/teH2nbaifxveSD+sKDvpxywRbvYW2I0w/iCBpUBcbnl16TQF4TPOGpq5YwG9lVxPVw5g==}
    engines: {node: '>=10'}
    cpu: [x64]
    os: [linux]
    requiresBuild: true
    dev: false
    optional: true

  /@swc/core-win32-arm64-msvc@1.3.106:
    resolution: {integrity: sha512-n4ttBWr8tM7DPzwcEOIBTyTMHZTzCmbic/HTtxEsPyMAf/Daen+yrTKzjPP6k2usfSrjkxA780RSJJxI1N8r2w==}
    engines: {node: '>=10'}
    cpu: [arm64]
    os: [win32]
    requiresBuild: true
    dev: false
    optional: true

  /@swc/core-win32-ia32-msvc@1.3.106:
    resolution: {integrity: sha512-GhDNIwxE5FhkujESI6h/4ysT3wxwmrzTUlZYaR8rRui6a6SdX9feIPUHPEE5o5hpyp+xqlmvRxKkRxOnwsq8iA==}
    engines: {node: '>=10'}
    cpu: [ia32]
    os: [win32]
    requiresBuild: true
    dev: false
    optional: true

  /@swc/core-win32-x64-msvc@1.3.106:
    resolution: {integrity: sha512-2M6yWChuMS1+/MPo3Dor0SOMkvmiugonWlzsZBAu/oZboH2xKrHSRv7brsBujb2Oe47r+NsbV+vq9tnnP9Vl1Q==}
    engines: {node: '>=10'}
    cpu: [x64]
    os: [win32]
    requiresBuild: true
    dev: false
    optional: true

  /@swc/core@1.3.106:
    resolution: {integrity: sha512-++QPSPkFq2qELYVScxNHJC42hKQChjiTWS2P0QQ5JWT4NHb9lmNSfrc1ylFIyImwRnxsW2MTBALLYLf95EFAsg==}
    engines: {node: '>=10'}
    requiresBuild: true
    peerDependencies:
      '@swc/helpers': ^0.5.0
    peerDependenciesMeta:
      '@swc/helpers':
        optional: true
    dependencies:
      '@swc/counter': 0.1.2
      '@swc/types': 0.1.5
    optionalDependencies:
      '@swc/core-darwin-arm64': 1.3.106
      '@swc/core-darwin-x64': 1.3.106
      '@swc/core-linux-arm-gnueabihf': 1.3.106
      '@swc/core-linux-arm64-gnu': 1.3.106
      '@swc/core-linux-arm64-musl': 1.3.106
      '@swc/core-linux-x64-gnu': 1.3.106
      '@swc/core-linux-x64-musl': 1.3.106
      '@swc/core-win32-arm64-msvc': 1.3.106
      '@swc/core-win32-ia32-msvc': 1.3.106
      '@swc/core-win32-x64-msvc': 1.3.106
    dev: false

  /@swc/counter@0.1.2:
    resolution: {integrity: sha512-9F4ys4C74eSTEUNndnER3VJ15oru2NumfQxS8geE+f3eB5xvfxpWyqE5XlVnxb/R14uoXi6SLbBwwiDSkv+XEw==}
    dev: false

  /@swc/types@0.1.5:
    resolution: {integrity: sha512-myfUej5naTBWnqOCc/MdVOLVjXUXtIA+NpDrDBKJtLLg2shUjBu3cZmB/85RyitKc55+lUUyl7oRfLOvkr2hsw==}
    dev: false
